{
  "lockfile_version": "1",
  "packages": {
    "colima@latest": {
      "last_modified": "2024-07-07T07:43:47Z",
      "resolved": "github:NixOS/nixpkgs/b60793b86201040d9dee019a05089a9150d08b5b#colima",
      "source": "devbox-search",
      "version": "0.6.9",
      "systems": {
        "aarch64-darwin": {
          "outputs": [
            {
              "name": "out",
              "path": "/nix/store/prr9dd67basi8kcddy92l0axzb28q4fx-colima-0.6.9",
              "default": true
            }
          ],
          "store_path": "/nix/store/prr9dd67basi8kcddy92l0axzb28q4fx-colima-0.6.9"
        },
        "aarch64-linux": {
          "outputs": [
            {
              "name": "out",
              "path": "/nix/store/1ijc9rnqwx0wji59hhh40l2xw3apxw3p-colima-0.6.9",
              "default": true
            }
          ],
          "store_path": "/nix/store/1ijc9rnqwx0wji59hhh40l2xw3apxw3p-colima-0.6.9"
        },
        "x86_64-darwin": {
          "outputs": [
            {
              "name": "out",
              "path": "/nix/store/nmz8d3s0zl3bvmm38fk6xxw7vccwn0s4-colima-0.6.9",
              "default": true
            }
          ],
          "store_path": "/nix/store/nmz8d3s0zl3bvmm38fk6xxw7vccwn0s4-colima-0.6.9"
        },
        "x86_64-linux": {
          "outputs": [
            {
              "name": "out",
              "path": "/nix/store/0s8gskhvl2g3mvpsv8nhz47mhi3hq8r4-colima-0.6.9",
              "default": true
            }
          ],
          "store_path": "/nix/store/0s8gskhvl2g3mvpsv8nhz47mhi3hq8r4-colima-0.6.9"
        }
      }
    },
    "docker@latest": {
      "last_modified": "2024-07-07T07:43:47Z",
      "resolved": "github:NixOS/nixpkgs/b60793b86201040d9dee019a05089a9150d08b5b#docker",
      "source": "devbox-search",
      "version": "24.0.9",
      "systems": {
        "aarch64-darwin": {
          "outputs": [
            {
              "name": "out",
              "path": "/nix/store/z4gffv4lqqiq73hz0gva9z686wmvdhhb-docker-24.0.9",
              "default": true
            }
          ],
          "store_path": "/nix/store/z4gffv4lqqiq73hz0gva9z686wmvdhhb-docker-24.0.9"
        },
        "aarch64-linux": {
          "outputs": [
            {
              "name": "out",
              "path": "/nix/store/li8nfkj5zs2nvi0k09lhxandbq934jd3-docker-24.0.9",
              "default": true
            }
          ],
          "store_path": "/nix/store/li8nfkj5zs2nvi0k09lhxandbq934jd3-docker-24.0.9"
        },
        "x86_64-darwin": {
          "outputs": [
            {
              "name": "out",
              "path": "/nix/store/6v0wb1xyq9hmrmhlasrs0402i6cwlcdn-docker-24.0.9",
              "default": true
            }
          ],
          "store_path": "/nix/store/6v0wb1xyq9hmrmhlasrs0402i6cwlcdn-docker-24.0.9"
        },
        "x86_64-linux": {
          "outputs": [
            {
              "name": "out",
              "path": "/nix/store/1np02dm0gj75v46c7mx9433vbcxxbhhb-docker-24.0.9",
              "default": true
            }
          ],
          "store_path": "/nix/store/1np02dm0gj75v46c7mx9433vbcxxbhhb-docker-24.0.9"
        }
      }
    },
    "kind@latest": {
      "last_modified": "2024-07-07T07:43:47Z",
      "resolved": "github:NixOS/nixpkgs/b60793b86201040d9dee019a05089a9150d08b5b#kind",
      "source": "devbox-search",
      "version": "0.23.0",
      "systems": {
        "aarch64-darwin": {
          "outputs": [
            {
              "name": "out",
              "path": "/nix/store/kn3x8vljiwhbz2p9fh6dhvff2r57m892-kind-0.23.0",
              "default": true
            }
          ],
          "store_path": "/nix/store/kn3x8vljiwhbz2p9fh6dhvff2r57m892-kind-0.23.0"
        },
        "aarch64-linux": {
          "outputs": [
            {
              "name": "out",
              "path": "/nix/store/pwmwgq2jfnxhzg7n7f4bl7b0pqjdiw5s-kind-0.23.0",
              "default": true
            }
          ],
          "store_path": "/nix/store/pwmwgq2jfnxhzg7n7f4bl7b0pqjdiw5s-kind-0.23.0"
        },
        "x86_64-darwin": {
          "outputs": [
            {
              "name": "out",
              "path": "/nix/store/84yfg589787wmrvcb9i3vchv3l9yrd05-kind-0.23.0",
              "default": true
            }
          ],
          "store_path": "/nix/store/84yfg589787wmrvcb9i3vchv3l9yrd05-kind-0.23.0"
        },
        "x86_64-linux": {
          "outputs": [
            {
              "name": "out",
              "path": "/nix/store/myyvm5vrs2axpahfw74bgpax6fw7nmxa-kind-0.23.0",
              "default": true
            }
          ],
          "store_path": "/nix/store/myyvm5vrs2axpahfw74bgpax6fw7nmxa-kind-0.23.0"
        }
      }
    },
    "kubectl@latest": {
      "last_modified": "2024-07-07T07:43:47Z",
      "resolved": "github:NixOS/nixpkgs/b60793b86201040d9dee019a05089a9150d08b5b#kubectl",
      "source": "devbox-search",
      "version": "1.30.2",
      "systems": {
        "aarch64-darwin": {
          "outputs": [
            {
              "name": "out",
              "path": "/nix/store/i1zidf41bkfzs2l1pq9fi1frymsfgywc-kubectl-1.30.2",
              "default": true
            },
            {
              "name": "man",
              "path": "/nix/store/dzxnn9mk9plcx3w9862jyd0nxys2yywz-kubectl-1.30.2-man",
              "default": true
            },
            {
              "name": "convert",
              "path": "/nix/store/v9ij5fnxxa02jkzpjvkbxw2jc4p9cbld-kubectl-1.30.2-convert"
            }
          ],
          "store_path": "/nix/store/i1zidf41bkfzs2l1pq9fi1frymsfgywc-kubectl-1.30.2"
        },
        "aarch64-linux": {
          "outputs": [
            {
              "name": "out",
              "path": "/nix/store/k7ql4247qs6ny27m3iz5c9xf5gb248a2-kubectl-1.30.2",
              "default": true
            },
            {
              "name": "man",
              "path": "/nix/store/wy64r4nn3isydw4nx257h95qy2x2z4mx-kubectl-1.30.2-man",
              "default": true
            },
            {
              "name": "convert",
              "path": "/nix/store/ic8za302hvb4kf4zrs55ivr4q2n2lznn-kubectl-1.30.2-convert"
            }
          ],
          "store_path": "/nix/store/k7ql4247qs6ny27m3iz5c9xf5gb248a2-kubectl-1.30.2"
        },
        "x86_64-darwin": {
          "outputs": [
            {
              "name": "out",
              "path": "/nix/store/v029n959l5b289br0cq591b04yc48516-kubectl-1.30.2",
              "default": true
            },
            {
              "name": "man",
              "path": "/nix/store/0dvcxn7gsi2ycy9blb7pcy506w4xp2vi-kubectl-1.30.2-man",
              "default": true
            },
            {
              "name": "convert",
              "path": "/nix/store/2nfq4ivwa4a7jwc0183f2wpl1jxbn754-kubectl-1.30.2-convert"
            }
          ],
          "store_path": "/nix/store/v029n959l5b289br0cq591b04yc48516-kubectl-1.30.2"
        },
        "x86_64-linux": {
          "outputs": [
            {
              "name": "out",
              "path": "/nix/store/3vkf0406s1i6l89hk5wrakh4bbn0p1p2-kubectl-1.30.2",
              "default": true
            },
            {
              "name": "man",
              "path": "/nix/store/3wbvgkkka1knkxvyr4c8qbpr448smw8i-kubectl-1.30.2-man",
              "default": true
            },
            {
              "name": "convert",
              "path": "/nix/store/h5zxz8db6wligwhw5gnwk4gbc8j1ixik-kubectl-1.30.2-convert"
            }
          ],
          "store_path": "/nix/store/3vkf0406s1i6l89hk5wrakh4bbn0p1p2-kubectl-1.30.2"
        }
      }
    },
    "tilt@latest": {
      "last_modified": "2024-07-15T21:47:20Z",
      "resolved": "github:NixOS/nixpkgs/b2c1f10bfbb3f617ea8e8669ac13f3f56ceb2ea2#tilt",
      "source": "devbox-search",
      "version": "0.33.17",
      "systems": {
        "aarch64-darwin": {
          "outputs": [
            {
              "name": "out",
              "path": "/nix/store/l19qinywsx7y86xp8vgwr3bgnbi0rfcj-tilt-0.33.17",
              "default": true
            }
          ],
          "store_path": "/nix/store/l19qinywsx7y86xp8vgwr3bgnbi0rfcj-tilt-0.33.17"
        },
        "aarch64-linux": {
          "outputs": [
            {
              "name": "out",
              "path": "/nix/store/f6swxifmvnxjxifxyw4k4aiyxh0dgfyq-tilt-0.33.17",
              "default": true
            }
          ],
          "store_path": "/nix/store/f6swxifmvnxjxifxyw4k4aiyxh0dgfyq-tilt-0.33.17"
        },
        "x86_64-darwin": {
          "outputs": [
            {
              "name": "out",
              "path": "/nix/store/d59rlsabcqxax6bgw6d30zhmflw65ch0-tilt-0.33.17",
              "default": true
            }
          ],
          "store_path": "/nix/store/d59rlsabcqxax6bgw6d30zhmflw65ch0-tilt-0.33.17"
        },
        "x86_64-linux": {
          "outputs": [
            {
              "name": "out",
              "path": "/nix/store/qfv96sjcsslynqbilwj823x8nxvgj5cv-tilt-0.33.17",
              "default": true
            }
          ],
          "store_path": "/nix/store/qfv96sjcsslynqbilwj823x8nxvgj5cv-tilt-0.33.17"
        }
      }
    }
  }
}
